
Microsoft Visual Studio Solution File, Format Version 12.00
# Visual Studio Version 16
VisualStudioVersion = 16.0.30503.244
MinimumVisualStudioVersion = 10.0.40219.1
Project("{FAE04EC0-301F-11D3-BF4B-00C04F79EFBC}") = "BooksTracker", "BooksTracker\BooksTracker.csproj", "{B065A965-8114-484B-B46E-915A273A003A}"
EndProject
Global
	GlobalSection(SolutionConfigurationPlatforms) = preSolution
		Debug|Any CPU = Debug|Any CPU
		Release|Any CPU = Release|Any CPU
	EndGlobalSection
	GlobalSection(ProjectConfigurationPlatforms) = postSolution
		{B065A965-8114-484B-B46E-915A273A003A}.Debug|Any CPU.ActiveCfg = Debug|Any CPU
		{B065A965-8114-484B-B46E-915A273A003A}.Debug|Any CPU.Build.0 = Debug|Any CPU
		{B065A965-8114-484B-B46E-915A273A003A}.Release|Any CPU.ActiveCfg = Release|Any CPU
		{B065A965-8114-484B-B46E-915A273A003A}.Release|Any CPU.Build.0 = Release|Any CPU
	EndGlobalSection
	GlobalSection(SolutionProperties) = preSolution
		HideSolutionNode = FALSE
	EndGlobalSection
	GlobalSection(ExtensibilityGlobals) = postSolution
		SolutionGuid = {ECEF5D5D-18B4-4465-8B02-874E84E15E29}
	EndGlobalSection
EndGlobal
